PODS:
  - boost-for-react-native (1.63.0)
  - DoubleConversion (1.1.6)
  - Folly (2018.10.22.00):
    - boost-for-react-native
    - DoubleConversion
    - glog
  - GCDWebServer (3.5.4):
    - GCDWebServer/Core (= 3.5.4)
  - GCDWebServer/Core (3.5.4)
  - glog (0.3.5)
  - Permission-Camera (2.1.3):
    - RNPermissions
  - Permission-Microphone (2.1.3):
    - RNPermissions
  - Permission-PhotoLibrary (2.1.3):
    - RNPermissions
  - React (0.59.9):
    - React/Core (= 0.59.9)
  - react-native-image-picker (1.1.0):
    - React
  - react-native-safe-area-context (0.7.3):
    - React
  - react-native-slider (1.1.4):
    - React
  - React/Core (0.59.9):
    - yoga (= 0.59.9.React)
  - React/CxxBridge (0.59.9):
    - Folly (= 2018.10.22.00)
    - React/Core
    - React/cxxreact
    - React/jsiexecutor
  - React/cxxreact (0.59.9):
    - boost-for-react-native (= 1.63.0)
    - DoubleConversion
    - Folly (= 2018.10.22.00)
    - glog
    - React/jsinspector
  - React/DevSupport (0.59.9):
    - React/Core
    - React/RCTWebSocket
  - React/fishhook (0.59.9)
  - React/jsi (0.59.9):
    - DoubleConversion
    - Folly (= 2018.10.22.00)
    - glog
  - React/jsiexecutor (0.59.9):
    - DoubleConversion
    - Folly (= 2018.10.22.00)
    - glog
    - React/cxxreact
    - React/jsi
  - React/jsinspector (0.59.9)
  - React/RCTAnimation (0.59.9):
    - React/Core
  - React/RCTBlob (0.59.9):
    - React/Core
  - React/RCTNetwork (0.59.9):
    - React/Core
  - React/RCTText (0.59.9):
    - React/Core
  - React/RCTWebSocket (0.59.9):
    - React/Core
    - React/fishhook
    - React/RCTBlob
  - RealmJS (6.1.5):
    - GCDWebServer
    - React
  - RNGestureHandler (1.1.0):
    - React
  - RNPermissions (2.1.3):
    - React
  - RNReanimated (1.13.1):
    - React
  - RNScreens (1.0.0-alpha.22):
    - React
  - ViroKit_static_lib (1.0)
  - ViroReact (1.0):
    - React
  - yoga (0.59.9.React)

DEPENDENCIES:
  - DoubleConversion (from `../node_modules/react-native/third-party-podspecs/DoubleConversion.podspec`)
  - Folly (from `../node_modules/react-native/third-party-podspecs/Folly.podspec`)
  - glog (from `../node_modules/react-native/third-party-podspecs/glog.podspec`)
  - Permission-Camera (from `../node_modules/react-native-permissions/ios/Camera.podspec`)
  - Permission-Microphone (from `../node_modules/react-native-permissions/ios/Microphone.podspec`)
  - Permission-PhotoLibrary (from `../node_modules/react-native-permissions/ios/PhotoLibrary.podspec`)
  - react-native-image-picker (from `../node_modules/react-native-image-picker`)
  - react-native-safe-area-context (from `../node_modules/react-native-safe-area-context/react-native-safe-area-context.podspec`)
  - "react-native-slider (from `../node_modules/@react-native-community/slider`)"
  - React/Core (from `../node_modules/react-native`)
  - React/CxxBridge (from `../node_modules/react-native`)
  - React/DevSupport (from `../node_modules/react-native`)
  - React/RCTAnimation (from `../node_modules/react-native`)
  - React/RCTNetwork (from `../node_modules/react-native`)
  - React/RCTText (from `../node_modules/react-native`)
  - React/RCTWebSocket (from `../node_modules/react-native`)
  - RealmJS (from `../node_modules/realm`)
  - RNGestureHandler (from `../node_modules/react-native-gesture-handler/RNGestureHandler.podspec`)
  - RNPermissions (from `../node_modules/react-native-permissions`)
  - RNReanimated (from `../node_modules/react-native-reanimated`)
  - RNScreens (from `../node_modules/react-native-screens`)
  - "ViroKit_static_lib (from `../node_modules/@viro-community/react-viro/ios/dist/ViroRenderer/static_lib`)"
  - "ViroReact (from `../node_modules/@viro-community/react-viro/ios/`)"
  - yoga (from `../node_modules/react-native/ReactCommon/yoga`)

SPEC REPOS:
  trunk:
    - boost-for-react-native
    - GCDWebServer

EXTERNAL SOURCES:
  DoubleConversion:
    :podspec: "../node_modules/react-native/third-party-podspecs/DoubleConversion.podspec"
  Folly:
    :podspec: "../node_modules/react-native/third-party-podspecs/Folly.podspec"
  glog:
    :podspec: "../node_modules/react-native/third-party-podspecs/glog.podspec"
  Permission-Camera:
    :path: "../node_modules/react-native-permissions/ios/Camera.podspec"
  Permission-Microphone:
    :path: "../node_modules/react-native-permissions/ios/Microphone.podspec"
  Permission-PhotoLibrary:
    :path: "../node_modules/react-native-permissions/ios/PhotoLibrary.podspec"
  React:
    :path: "../node_modules/react-native"
  react-native-image-picker:
    :path: "../node_modules/react-native-image-picker"
  react-native-safe-area-context:
    :path: "../node_modules/react-native-safe-area-context/react-native-safe-area-context.podspec"
  react-native-slider:
    :path: "../node_modules/@react-native-community/slider"
  RealmJS:
    :path: "../node_modules/realm"
  RNGestureHandler:
    :podspec: "../node_modules/react-native-gesture-handler/RNGestureHandler.podspec"
  RNPermissions:
    :path: "../node_modules/react-native-permissions"
  RNReanimated:
    :path: "../node_modules/react-native-reanimated"
  RNScreens:
    :path: "../node_modules/react-native-screens"
  ViroKit_static_lib:
    :path: "../node_modules/@viro-community/react-viro/ios/dist/ViroRenderer/static_lib"
  ViroReact:
    :path: "../node_modules/@viro-community/react-viro/ios/"
  yoga:
    :path: "../node_modules/react-native/ReactCommon/yoga"

SPEC CHECKSUMS:
  boost-for-react-native: 39c7adb57c4e60d6c5479dd8623128eb5b3f0f2c
  DoubleConversion: bb338842f62ab1d708ceb63ec3d999f0f3d98ecd
  Folly: de497beb10f102453a1afa9edbf8cf8a251890de
  GCDWebServer: 2c156a56c8226e2d5c0c3f208a3621ccffbe3ce4
  glog: aefd1eb5dda2ab95ba0938556f34b98e2da3a60d
  Permission-Camera: 2465b21ce0e0e1ab720d52609a9300a29125aad8
  Permission-Microphone: e35622c29cd8811498de947fd32116593d917997
  Permission-PhotoLibrary: b36e04db0537f61da6e7c488c8a62c6707d9b841
  React: a86b92f00edbe1873a63e4a212c29b7a7ad5224f
  react-native-image-picker: 3637d63fef7e32a230141ab4660d3ceb773c824f
  react-native-safe-area-context: 8260e5157617df4b72865f44006797f895b2ada7
  react-native-slider: 9fb33ac32cb788360adb5c38685aa3642bebd93c
  RealmJS: b096cc07bcc5309a71420acb5c1465def112df86
  RNGestureHandler: b65d391f4f570178d657b99a16ec99d09b8656b0
  RNPermissions: 69dc24ae1a9507576e2e9cf70ceed51065311da8
  RNReanimated: dd8c286ab5dd4ba36d3a7fef8bff7e08711b5476
  RNScreens: 720a9e6968beb73e8196239801e887d8401f86ed
  ViroKit_static_lib: 757b887d543c671838296e5ad32f75598067dcba
  ViroReact: f4980e6b04918c4340637f9cbaae22a6bb7ea440
  yoga: 03ff42a6f223fb88deeaed60249020d80c3091ee

PODFILE CHECKSUM: 4bb5163124f34257892155ee86e644ec5953b7a1

COCOAPODS: 1.9.3
